
Microsoft Visual Studio Solution File, Format Version 12.00
# Visual Studio Version 16
VisualStudioVersion = 16.0.32802.440
MinimumVisualStudioVersion = 10.0.40219.1
Project("{9A19103F-16F7-4668-BE54-9A1E7A4F7556}") = "PartyProduct With Authentication", "PartyProduct_Exercise-03\PartyProduct With Authentication.csproj", "{455755B1-BD43-4323-8A66-23BB03A7551E}"
EndProject
Global
	GlobalSection(SolutionConfigurationPlatforms) = preSolution
		Debug|Any CPU = Debug|Any CPU
		Release|Any CPU = Release|Any CPU
	EndGlobalSection
	GlobalSection(ProjectConfigurationPlatforms) = postSolution
		{455755B1-BD43-4323-8A66-23BB03A7551E}.Debug|Any CPU.ActiveCfg = Debug|Any CPU
		{455755B1-BD43-4323-8A66-23BB03A7551E}.Debug|Any CPU.Build.0 = Debug|Any CPU
		{455755B1-BD43-4323-8A66-23BB03A7551E}.Release|Any CPU.ActiveCfg = Release|Any CPU
		{455755B1-BD43-4323-8A66-23BB03A7551E}.Release|Any CPU.Build.0 = Release|Any CPU
	EndGlobalSection
	GlobalSection(SolutionProperties) = preSolution
		HideSolutionNode = FALSE
	EndGlobalSection
	GlobalSection(ExtensibilityGlobals) = postSolution
		SolutionGuid = {0462B340-FC45-400F-8D82-696A9A531FEC}
	EndGlobalSection
EndGlobal
